
Microsoft Visual Studio Solution File, Format Version 12.00
# Visual Studio 15
VisualStudioVersion = 15.0.28307.106
MinimumVisualStudioVersion = 10.0.40219.1
Project("{FAE04EC0-301F-11D3-BF4B-00C04F79EFBC}") = "MVC5BP.UI", "MVC5BP.UI\MVC5BP.UI.csproj", "{D466DDBB-2D20-41EB-A3C3-8E6A0B233C97}"
EndProject
Project("{FAE04EC0-301F-11D3-BF4B-00C04F79EFBC}") = "MVC5BP.Model", "MVC5BP.Model\MVC5BP.Model.csproj", "{80C1A0F2-ACCF-41A5-A56E-8C3A95536CB5}"
EndProject
Project("{FAE04EC0-301F-11D3-BF4B-00C04F79EFBC}") = "MVC5BP.Service", "MVC5BP.Service\MVC5BP.Service.csproj", "{E64C931B-08D2-4F1E-A02F-6FAC76B87584}"
EndProject
Global
	GlobalSection(SolutionConfigurationPlatforms) = preSolution
		Debug|Any CPU = Debug|Any CPU
		Release|Any CPU = Release|Any CPU
	EndGlobalSection
	GlobalSection(ProjectConfigurationPlatforms) = postSolution
		{D466DDBB-2D20-41EB-A3C3-8E6A0B233C97}.Debug|Any CPU.ActiveCfg = Debug|Any CPU
		{D466DDBB-2D20-41EB-A3C3-8E6A0B233C97}.Debug|Any CPU.Build.0 = Debug|Any CPU
		{D466DDBB-2D20-41EB-A3C3-8E6A0B233C97}.Release|Any CPU.ActiveCfg = Release|Any CPU
		{D466DDBB-2D20-41EB-A3C3-8E6A0B233C97}.Release|Any CPU.Build.0 = Release|Any CPU
		{80C1A0F2-ACCF-41A5-A56E-8C3A95536CB5}.Debug|Any CPU.ActiveCfg = Debug|Any CPU
		{80C1A0F2-ACCF-41A5-A56E-8C3A95536CB5}.Debug|Any CPU.Build.0 = Debug|Any CPU
		{80C1A0F2-ACCF-41A5-A56E-8C3A95536CB5}.Release|Any CPU.ActiveCfg = Release|Any CPU
		{80C1A0F2-ACCF-41A5-A56E-8C3A95536CB5}.Release|Any CPU.Build.0 = Release|Any CPU
		{E64C931B-08D2-4F1E-A02F-6FAC76B87584}.Debug|Any CPU.ActiveCfg = Debug|Any CPU
		{E64C931B-08D2-4F1E-A02F-6FAC76B87584}.Debug|Any CPU.Build.0 = Debug|Any CPU
		{E64C931B-08D2-4F1E-A02F-6FAC76B87584}.Release|Any CPU.ActiveCfg = Release|Any CPU
		{E64C931B-08D2-4F1E-A02F-6FAC76B87584}.Release|Any CPU.Build.0 = Release|Any CPU
	EndGlobalSection
	GlobalSection(SolutionProperties) = preSolution
		HideSolutionNode = FALSE
	EndGlobalSection
	GlobalSection(ExtensibilityGlobals) = postSolution
		SolutionGuid = {EA1A580E-BD4A-4857-8EB2-3AA208A8AAF5}
	EndGlobalSection
EndGlobal
